
Microsoft Visual Studio Solution File, Format Version 12.00
# Visual Studio Version 17
VisualStudioVersion = 17.7.34024.191
MinimumVisualStudioVersion = 10.0.40219.1
Project("{FAE04EC0-301F-11D3-BF4B-00C04F79EFBC}") = "Stage0", "Stage0\Stage0.csproj", "{6F65CA89-51DB-473E-94D8-3C1BF620351A}"
EndProject
Global
	GlobalSection(SolutionConfigurationPlatforms) = preSolution
		Debug|Any CPU = Debug|Any CPU
		Release|Any CPU = Release|Any CPU
	EndGlobalSection
	GlobalSection(ProjectConfigurationPlatforms) = postSolution
		{6F65CA89-51DB-473E-94D8-3C1BF620351A}.Debug|Any CPU.ActiveCfg = Debug|Any CPU
		{6F65CA89-51DB-473E-94D8-3C1BF620351A}.Debug|Any CPU.Build.0 = Debug|Any CPU
		{6F65CA89-51DB-473E-94D8-3C1BF620351A}.Release|Any CPU.ActiveCfg = Release|Any CPU
		{6F65CA89-51DB-473E-94D8-3C1BF620351A}.Release|Any CPU.Build.0 = Release|Any CPU
	EndGlobalSection
	GlobalSection(SolutionProperties) = preSolution
		HideSolutionNode = FALSE
	EndGlobalSection
	GlobalSection(ExtensibilityGlobals) = postSolution
		SolutionGuid = {9F3CD69E-7EFE-4FD8-995A-3192511659E0}
	EndGlobalSection
EndGlobal
